
Microsoft Visual Studio Solution File, Format Version 12.00
Project("{FAE04EC0-301F-11D3-BF4B-00C04F79EFBC}") = "LinesAndBoxes", "LinesAndBoxes\LinesAndBoxes.csproj", "{183BFC4C-D073-4979-B5E3-7208A2D91B03}"
EndProject
Project("{FAE04EC0-301F-11D3-BF4B-00C04F79EFBC}") = "LinesAndBoxes.Library", "LinesAndBoxes.Library\LinesAndBoxes.Library.csproj", "{61BF00E7-78FC-4D1E-BEA4-1E0E6CAB9B19}"
EndProject
Global
	GlobalSection(SolutionConfigurationPlatforms) = preSolution
		Debug|Any CPU = Debug|Any CPU
		Release|Any CPU = Release|Any CPU
	EndGlobalSection
	GlobalSection(ProjectConfigurationPlatforms) = postSolution
		{183BFC4C-D073-4979-B5E3-7208A2D91B03}.Debug|Any CPU.ActiveCfg = Debug|Any CPU
		{183BFC4C-D073-4979-B5E3-7208A2D91B03}.Debug|Any CPU.Build.0 = Debug|Any CPU
		{183BFC4C-D073-4979-B5E3-7208A2D91B03}.Release|Any CPU.ActiveCfg = Release|Any CPU
		{183BFC4C-D073-4979-B5E3-7208A2D91B03}.Release|Any CPU.Build.0 = Release|Any CPU
		{61BF00E7-78FC-4D1E-BEA4-1E0E6CAB9B19}.Debug|Any CPU.ActiveCfg = Debug|Any CPU
		{61BF00E7-78FC-4D1E-BEA4-1E0E6CAB9B19}.Debug|Any CPU.Build.0 = Debug|Any CPU
		{61BF00E7-78FC-4D1E-BEA4-1E0E6CAB9B19}.Release|Any CPU.ActiveCfg = Release|Any CPU
		{61BF00E7-78FC-4D1E-BEA4-1E0E6CAB9B19}.Release|Any CPU.Build.0 = Release|Any CPU
	EndGlobalSection
EndGlobal
